{
  "name": "rc",
  "version": "1.0.0",
  "lockfileVersion": 1,
  "requires": true,
  "dependencies": {
    "typescript": {
      "version": "3.4.0-rc",
      "resolved": "https://registry.npmjs.org/typescript/-/typescript-3.4.0-rc.tgz",
      "integrity": "sha512-wtm2GwuV0Yy2zvmpFaMDtWHnRbzfERi9FLpL+K+JqGkHoclgEQ6TmD1AMxMIjs80NWRIq0Xp1veQyuZbGsUYsg==",
      "dev": true
    }
  }
}
